# THIS IS AN AUTOGENERATED FILE. DO NOT EDIT THIS FILE DIRECTLY.
# yarn lockfile v1


abbrev@1, abbrev@1.0.x:
  version "1.0.9"
  resolved "https://registry.npmjs.org/abbrev/-/abbrev-1.0.9.tgz#91b4792588a7738c25f35dd6f63752a2f8776135"

acorn-jsx@^3.0.0:
  version "3.0.1"
  resolved "https://registry.npmjs.org/acorn-jsx/-/acorn-jsx-3.0.1.tgz#afdf9488fb1ecefc8348f6fb22f464e32a58b36b"
  dependencies:
    acorn "^3.0.4"

acorn@^3.0.4, acorn@^3.3.0:
  version "3.3.0"
  resolved "https://registry.npmjs.org/acorn/-/acorn-3.3.0.tgz#45e37fb39e8da3f25baee3ff5369e2bb5f22017a"

align-text@^0.1.1, align-text@^0.1.3:
  version "0.1.4"
  resolved "https://registry.npmjs.org/align-text/-/align-text-0.1.4.tgz#0cd90a561093f35d0a99256c22b7069433fad117"
  dependencies:
    kind-of "^3.0.2"
    longest "^1.0.1"
    repeat-string "^1.5.2"

amdefine@>=0.0.4:
  version "1.0.1"
  resolved "https://registry.npmjs.org/amdefine/-/amdefine-1.0.1.tgz#4a5282ac164729e93619bcfd3ad151f817ce91f5"

ansi-escape-sequences@^2.2.1, ansi-escape-sequences@^2.2.2:
  version "2.2.2"
  resolved "https://registry.npmjs.org/ansi-escape-sequences/-/ansi-escape-sequences-2.2.2.tgz#174c78d6f8b7de75f8957ae81c7f72210c701635"
  dependencies:
    array-back "^1.0.2"
    collect-all "~0.2.1"

ansi-escape-sequences@^3.0.0:
  version "3.0.0"
  resolved "https://registry.npmjs.org/ansi-escape-sequences/-/ansi-escape-sequences-3.0.0.tgz#1c18394b6af9b76ff9a63509fa497669fd2ce53e"
  dependencies:
    array-back "^1.0.3"

app-usage-stats@^0.4.0:
  version "0.4.1"
  resolved "https://registry.npmjs.org/app-usage-stats/-/app-usage-stats-0.4.1.tgz#97eb9b89b5678fa2ddc9793b1298628cc218429f"
  dependencies:
    array-back "^1.0.4"
    core-js "^2.4.1"
    feature-detect-es6 "^1.3.1"
    home-path "^1.0.3"
    test-value "^2.1.0"
    usage-stats "^0.8.2"

argparse@^1.0.7:
  version "1.0.9"
  resolved "https://registry.npmjs.org/argparse/-/argparse-1.0.9.tgz#73d83bc263f86e97f8cc4f6bae1b0e90a7d22c86"
  dependencies:
    sprintf-js "~1.0.2"

array-back@^1.0.2, array-back@^1.0.3, array-back@^1.0.4:
  version "1.0.4"
  resolved "https://registry.npmjs.org/array-back/-/array-back-1.0.4.tgz#644ba7f095f7ffcf7c43b5f0dc39d3c1f03c063b"
  dependencies:
    typical "^2.6.0"

array-tools@^1.0.6, array-tools@^1.1.0, array-tools@^1.1.4, array-tools@^1.8.4:
  version "1.8.6"
  resolved "https://registry.npmjs.org/array-tools/-/array-tools-1.8.6.tgz#145771f7f9c94e98cc5ea4196a99b8323aee18ae"
  dependencies:
    object-tools "^1.6.1"
    typical "^2.1"

array-tools@^2:
  version "2.0.9"
  resolved "https://registry.npmjs.org/array-tools/-/array-tools-2.0.9.tgz#5a511de7a41be0eec9ffdcd4912d0af9f0caca35"
  dependencies:
    ansi-escape-sequences "^2.2.2"
    array-back "^1.0.2"
    collect-json "^1.0.7"
    filter-where "^1.0.1"
    object-get "^2.0.0"
    reduce-extract "^1.0.0"
    reduce-flatten "^1.0.0"
    reduce-unique "^1.0.0"
    reduce-without "^1.0.0"
    sort-array "^1.0.0"
    test-value "^1.0.1"

asap@~2.0.3:
  version "2.0.5"
  resolved "https://registry.npmjs.org/asap/-/asap-2.0.5.tgz#522765b50c3510490e52d7dcfe085ef9ba96958f"

asn1@0.1.11:
  version "0.1.11"
  resolved "https://registry.npmjs.org/asn1/-/asn1-0.1.11.tgz#559be18376d08a4ec4dbe80877d27818639b2df7"

assert-plus@^0.1.5:
  version "0.1.5"
  resolved "https://registry.npmjs.org/assert-plus/-/assert-plus-0.1.5.tgz#ee74009413002d84cec7219c6ac811812e723160"

assertion-error@1.0.0:
  version "1.0.0"
  resolved "https://registry.npmjs.org/assertion-error/-/assertion-error-1.0.0.tgz#c7f85438fdd466bc7ca16ab90c81513797a5d23b"

async@1.x, async@^1.4.0:
  version "1.5.2"
  resolved "https://registry.npmjs.org/async/-/async-1.5.2.tgz#ec6a61ae56480c0c3cb241c95618e20892f9672a"

async@~0.2.6:
  version "0.2.10"
  resolved "https://registry.npmjs.org/async/-/async-0.2.10.tgz#b6bbe0b0674b9d719708ca38de8c237cb526c3d1"

async@~0.7.0:
  version "0.7.0"
  resolved "https://registry.npmjs.org/async/-/async-0.7.0.tgz#4429e0e62f5de0a54f37458c49f0b897eb52ada5"

async@~0.9.0:
  version "0.9.2"
  resolved "https://registry.npmjs.org/async/-/async-0.9.2.tgz#aea74d5e61c1f899613bf64bda66d4c78f2fd17d"

aws-sign2@~0.5.0:
  version "0.5.0"
  resolved "https://registry.npmjs.org/aws-sign2/-/aws-sign2-0.5.0.tgz#c57103f7a17fc037f02d7c2e64b602ea223f7d63"

babel-polyfill@^6.13.0:
  version "6.22.0"
  resolved "https://registry.npmjs.org/babel-polyfill/-/babel-polyfill-6.22.0.tgz#1ac99ebdcc6ba4db1e2618c387b2084a82154a3b"
  dependencies:
    babel-runtime "^6.22.0"
    core-js "^2.4.0"
    regenerator-runtime "^0.10.0"

babel-runtime@^6.22.0:
  version "6.22.0"
  resolved "https://registry.npmjs.org/babel-runtime/-/babel-runtime-6.22.0.tgz#1cf8b4ac67c77a4ddb0db2ae1f74de52ac4ca611"
  dependencies:
    core-js "^2.4.0"
    regenerator-runtime "^0.10.0"

balanced-match@^0.4.1:
  version "0.4.2"
  resolved "https://registry.npmjs.org/balanced-match/-/balanced-match-0.4.2.tgz#cb3f3e3c732dc0f01ee70b403f302e61d7709838"

bluebird@^2.9.34:
  version "2.11.0"
  resolved "https://registry.npmjs.org/bluebird/-/bluebird-2.11.0.tgz#534b9033c022c9579c56ba3b3e5a5caafbb650e1"

bluebird@~3.4.6:
  version "3.4.7"
  resolved "https://registry.npmjs.org/bluebird/-/bluebird-3.4.7.tgz#f72d760be09b7f76d08ed8fae98b289a8d05fab3"

boom@0.4.x:
  version "0.4.2"
  resolved "https://registry.npmjs.org/boom/-/boom-0.4.2.tgz#7a636e9ded4efcefb19cef4947a3c67dfaee911b"
  dependencies:
    hoek "0.9.x"

brace-expansion@^1.0.0:
  version "1.1.6"
  resolved "https://registry.npmjs.org/brace-expansion/-/brace-expansion-1.1.6.tgz#7197d7eaa9b87e648390ea61fc66c84427420df9"
  dependencies:
    balanced-match "^0.4.1"
    concat-map "0.0.1"

cache-point@~0.3.3:
  version "0.3.4"
  resolved "https://registry.npmjs.org/cache-point/-/cache-point-0.3.4.tgz#152db502c6bb23b5aa3f663e230d5de8ec4e4f3f"
  dependencies:
    array-back "^1.0.3"
    core-js "^2.4.1"
    feature-detect-es6 "^1.3.1"
    fs-then-native "^1.0.2"
    mkdirp "~0.5.1"

camelcase@^1.0.2:
  version "1.2.1"
  resolved "https://registry.npmjs.org/camelcase/-/camelcase-1.2.1.tgz#9bb5304d2e0b56698b2c758b08a3eaa9daa58a39"

catharsis@~0.8.8:
  version "0.8.8"
  resolved "https://registry.npmjs.org/catharsis/-/catharsis-0.8.8.tgz#693479f43aac549d806bd73e924cd0d944951a06"
  dependencies:
    underscore-contrib "~0.3.0"

center-align@^0.1.1:
  version "0.1.3"
  resolved "https://registry.npmjs.org/center-align/-/center-align-0.1.3.tgz#aa0d32629b6ee972200411cbd4461c907bc2b7ad"
  dependencies:
    align-text "^0.1.3"
    lazy-cache "^1.0.3"

chai@^2.2.0:
  version "2.3.0"
  resolved "https://registry.npmjs.org/chai/-/chai-2.3.0.tgz#8a2f6a34748da801090fd73287b2aa739a4e909a"
  dependencies:
    assertion-error "1.0.0"
    deep-eql "0.1.3"

cli-commands@0.1.0:
  version "0.1.0"
  resolved "https://registry.npmjs.org/cli-commands/-/cli-commands-0.1.0.tgz#c57cacc406bbcf9ee21646607161ed432ef5a05a"
  dependencies:
    ansi-escape-sequences "^3.0.0"
    command-line-args "^3.0.1"
    command-line-commands "^1.0.4"
    command-line-usage "^3.0.5"

cliui@^2.1.0:
  version "2.1.0"
  resolved "https://registry.npmjs.org/cliui/-/cliui-2.1.0.tgz#4b475760ff80264c762c3a1719032e91c7fea0d1"
  dependencies:
    center-align "^0.1.1"
    right-align "^0.1.1"
    wordwrap "0.0.2"

codeclimate-test-reporter@0.0.4:
  version "0.0.4"
  resolved "https://registry.npmjs.org/codeclimate-test-reporter/-/codeclimate-test-reporter-0.0.4.tgz#b06198911d72c43313fa0cd20c2b0481ee107220"
  dependencies:
    async "~0.7.0"
    lcov-parse "0.0.6"
    request "~2.34.0"

collect-all@^1.0.2:
  version "1.0.2"
  resolved "https://registry.npmjs.org/collect-all/-/collect-all-1.0.2.tgz#39450f1e7aa6086570a006bce93ccf1218a77ea1"
  dependencies:
    stream-connect "^1.0.2"
    stream-via "^1.0.3"

collect-all@~0.2.1:
  version "0.2.1"
  resolved "https://registry.npmjs.org/collect-all/-/collect-all-0.2.1.tgz#7225fb4585c22d4ffac886f0abaf5abc563a1a6a"
  dependencies:
    stream-connect "^1.0.1"
    stream-via "~0.1.0"
    typical "^2.3.0"

collect-json@^1.0.1, collect-json@^1.0.7, collect-json@^1.0.8:
  version "1.0.8"
  resolved "https://registry.npmjs.org/collect-json/-/collect-json-1.0.8.tgz#aa2fa52b4d1d9444ce690f07a1e3617ab74bb827"
  dependencies:
    collect-all "^1.0.2"
    stream-connect "^1.0.2"
    stream-via "^1.0.3"

column-layout@^2.1.1:
  version "2.1.4"
  resolved "https://registry.npmjs.org/column-layout/-/column-layout-2.1.4.tgz#ed2857092ccf8338026fe538379d9672d70b3641"
  dependencies:
    ansi-escape-sequences "^2.2.2"
    array-back "^1.0.3"
    collect-json "^1.0.8"
    command-line-args "^2.1.6"
    core-js "^2.4.0"
    deep-extend "~0.4.1"
    feature-detect-es6 "^1.2.0"
    object-tools "^2.0.6"
    typical "^2.4.2"
    wordwrapjs "^1.2.0"

combined-stream@~0.0.4:
  version "0.0.7"
  resolved "https://registry.npmjs.org/combined-stream/-/combined-stream-0.0.7.tgz#0137e657baa5a7541c57ac37ac5fc07d73b4dc1f"
  dependencies:
    delayed-stream "0.0.5"

command-line-args@^2.1.4, command-line-args@^2.1.6:
  version "2.1.6"
  resolved "https://registry.npmjs.org/command-line-args/-/command-line-args-2.1.6.tgz#f197d6eaff34c9085577484b2864375b294f5697"
  dependencies:
    array-back "^1.0.2"
    command-line-usage "^2"
    core-js "^2.0.1"
    feature-detect-es6 "^1.2.0"
    find-replace "^1"
    typical "^2.3.0"

command-line-args@^3.0.0, command-line-args@^3.0.1:
  version "3.0.5"
  resolved "https://registry.npmjs.org/command-line-args/-/command-line-args-3.0.5.tgz#5bd4ad45e7983e5c1344918e40280ee2693c5ac0"
  dependencies:
    array-back "^1.0.4"
    feature-detect-es6 "^1.3.1"
    find-replace "^1.0.2"
    typical "^2.6.0"

command-line-commands@^1.0.4:
  version "1.0.4"
  resolved "https://registry.npmjs.org/command-line-commands/-/command-line-commands-1.0.4.tgz#034f9b167b5188afbdcf6b2efbb150fc8442c32b"
  dependencies:
    array-back "^1.0.3"
    feature-detect-es6 "^1.3.1"

command-line-tool@^0.1.0:
  version "0.1.0"
  resolved "https://registry.npmjs.org/command-line-tool/-/command-line-tool-0.1.0.tgz#91a11ba48ac63a4a687554367980f7c6423c149d"
  dependencies:
    ansi-escape-sequences "^2.2.1"
    array-back "^1.0.2"

command-line-tool@~0.5.0:
  version "0.5.2"
  resolved "https://registry.npmjs.org/command-line-tool/-/command-line-tool-0.5.2.tgz#f87d6977f56bbdd2d5dfcf946345dd2cd9c6a53a"
  dependencies:
    ansi-escape-sequences "^2.2.2"
    array-back "^1.0.3"
    command-line-args "^3.0.0"
    command-line-usage "^3.0.3"
    feature-detect-es6 "^1.3.0"
    typical "^2.4.2"

command-line-usage@^2:
  version "2.0.5"
  resolved "https://registry.npmjs.org/command-line-usage/-/command-line-usage-2.0.5.tgz#f80c35ca5e8624841923ea3be3b9bfbf4f7be27b"
  dependencies:
    ansi-escape-sequences "^2.2.2"
    array-back "^1.0.3"
    column-layout "^2.1.1"
    feature-detect-es6 "^1.2.0"
    typical "^2.4.2"
    wordwrapjs "^1.2.0"

command-line-usage@^3.0.3, command-line-usage@^3.0.5:
  version "3.0.8"
  resolved "https://registry.npmjs.org/command-line-usage/-/command-line-usage-3.0.8.tgz#b6a20978c1b383477f5c11a529428b880bfe0f4d"
  dependencies:
    ansi-escape-sequences "^3.0.0"
    array-back "^1.0.3"
    feature-detect-es6 "^1.3.1"
    table-layout "^0.3.0"
    typical "^2.6.0"

commander@0.6.1:
  version "0.6.1"
  resolved "https://registry.npmjs.org/commander/-/commander-0.6.1.tgz#fa68a14f6a945d54dbbe50d8cdb3320e9e3b1a06"

commander@2.3.0:
  version "2.3.0"
  resolved "https://registry.npmjs.org/commander/-/commander-2.3.0.tgz#fd430e889832ec353b9acd1de217c11cb3eef873"

common-sequence@^1.0.2:
  version "1.0.2"
  resolved "https://registry.npmjs.org/common-sequence/-/common-sequence-1.0.2.tgz#30e07f3f8f6f7f9b3dee854f20b2d39eee086de8"

concat-map@0.0.1:
  version "0.0.1"
  resolved "https://registry.npmjs.org/concat-map/-/concat-map-0.0.1.tgz#d8a96bd77fd68df7793a73036a3ba0d5405d477b"

config-master@^2.0.4:
  version "2.0.4"
  resolved "https://registry.npmjs.org/config-master/-/config-master-2.0.4.tgz#e749505c5d3f946f2fad3c76dfe71fca689751dc"
  dependencies:
    babel-polyfill "^6.13.0"
    feature-detect-es6 "^1.3.1"
    walk-back "^2.0.1"

conventional-commit-types@^2.0.0:
  version "2.1.0"
  resolved "https://registry.npmjs.org/conventional-commit-types/-/conventional-commit-types-2.1.0.tgz#45d860386c9a2e6537ee91d8a1b61bd0411b3d04"

core-js@^2.0.1, core-js@^2.4.0, core-js@^2.4.1:
  version "2.4.1"
  resolved "https://registry.npmjs.org/core-js/-/core-js-2.4.1.tgz#4de911e667b0eae9124e34254b53aea6fc618d3e"

cryptiles@0.2.x:
  version "0.2.2"
  resolved "https://registry.npmjs.org/cryptiles/-/cryptiles-0.2.2.tgz#ed91ff1f17ad13d3748288594f8a48a0d26f325c"
  dependencies:
    boom "0.4.x"

ctype@0.5.3:
  version "0.5.3"
  resolved "https://registry.npmjs.org/ctype/-/ctype-0.5.3.tgz#82c18c2461f74114ef16c135224ad0b9144ca12f"

cz-conventional-changelog@^1.1.5:
  version "1.2.0"
  resolved "https://registry.npmjs.org/cz-conventional-changelog/-/cz-conventional-changelog-1.2.0.tgz#2bca04964c8919b23f3fd6a89ef5e6008b31b3f8"
  dependencies:
    conventional-commit-types "^2.0.0"
    lodash.map "^4.5.1"
    longest "^1.0.1"
    pad-right "^0.2.2"
    right-pad "^1.0.1"
    word-wrap "^1.0.3"

ddata@~0.1.25:
  version "0.1.28"
  resolved "https://registry.npmjs.org/ddata/-/ddata-0.1.28.tgz#53138fafa3f01749ea2451d12b6b6dd9df1d5b1f"
  dependencies:
    array-back "^1.0.3"
    core-js "^2.4.1"
    handlebars "^3.0.3"
    marked "~0.3.6"
    object-get "^2.1.0"
    reduce-flatten "^1.0.1"
    string-tools "^1.0.0"
    test-value "^2.0.0"

debug@2.2.0:
  version "2.2.0"
  resolved "https://registry.npmjs.org/debug/-/debug-2.2.0.tgz#f87057e995b1a1f6ae6a4960664137bc56f039da"
  dependencies:
    ms "0.7.1"

debug@^2.2.0:
  version "2.6.0"
  resolved "https://registry.npmjs.org/debug/-/debug-2.6.0.tgz#bc596bcabe7617f11d9fa15361eded5608b8499b"
  dependencies:
    ms "0.7.2"

decamelize@^1.0.0:
  version "1.2.0"
  resolved "https://registry.npmjs.org/decamelize/-/decamelize-1.2.0.tgz#f6534d15148269b20352e7bee26f501f9a191290"

deep-eql@0.1.3:
  version "0.1.3"
  resolved "https://registry.npmjs.org/deep-eql/-/deep-eql-0.1.3.tgz#ef558acab8de25206cd713906d74e56930eb69f2"
  dependencies:
    type-detect "0.1.1"

deep-extend@~0.4.1:
  version "0.4.1"
  resolved "https://registry.npmjs.org/deep-extend/-/deep-extend-0.4.1.tgz#efe4113d08085f4e6f9687759810f807469e2253"

deep-is@~0.1.2:
  version "0.1.3"
  resolved "https://registry.npmjs.org/deep-is/-/deep-is-0.1.3.tgz#b369d6fb5dbc13eecf524f91b070feedc357cf34"

defer-promise@^1.0.0:
  version "1.0.1"
  resolved "https://registry.npmjs.org/defer-promise/-/defer-promise-1.0.1.tgz#1ca6ffeddbcef1715dd7aae25c7616f9ae22932f"

delayed-stream@0.0.5:
  version "0.0.5"
  resolved "https://registry.npmjs.org/delayed-stream/-/delayed-stream-0.0.5.tgz#d4b1f43a93e8296dfe02694f4680bc37a313c73f"

diff@1.4.0:
  version "1.4.0"
  resolved "https://registry.npmjs.org/diff/-/diff-1.4.0.tgz#7f28d2eb9ee7b15a97efd89ce63dcfdaa3ccbabf"

dmd@^1.4.1:
  version "1.4.2"
  resolved "https://registry.npmjs.org/dmd/-/dmd-1.4.2.tgz#b1304b98a5700a6bfe5dcf91be657c981700a4bc"
  dependencies:
    array-back "^1.0.3"
    command-line-tool "~0.5.0"
    common-sequence "^1.0.2"
    ddata "~0.1.25"
    file-set "^1.0.0"
    handlebars-array "^0.2.0"
    handlebars-comparison "^2.0.0"
    handlebars-json "^1.0.0"
    handlebars-regexp "^1.0.0"
    handlebars-string "^2.0.1"
    object-tools "^2.0.6"
    reduce-unique "^1.0.0"
    reduce-without "^1.0.1"
    stream-handlebars "~0.1.6"
    string-tools "^1.0.0"
    walk-back "^2.0.1"

double-ended-queue@^2.1.0-0:
  version "2.1.0-0"
  resolved "https://registry.npmjs.org/double-ended-queue/-/double-ended-queue-2.1.0-0.tgz#103d3527fd31528f40188130c841efdd78264e5c"

drip@1.1.x:
  version "1.1.0"
  resolved "https://registry.npmjs.org/drip/-/drip-1.1.0.tgz#ccefb1e686d86fc115b70c9ec126f8f871bdfd7e"
  dependencies:
    tea-concat "0.1.0"

electron@0.4.x:
  version "0.4.1"
  resolved "https://registry.npmjs.org/electron/-/electron-0.4.1.tgz#a78a051a7882f4e542d6e207d8a1a73076b30144"
  dependencies:
    drip "1.1.x"

escape-string-regexp@1.0.2:
  version "1.0.2"
  resolved "https://registry.npmjs.org/escape-string-regexp/-/escape-string-regexp-1.0.2.tgz#4dbc2fe674e71949caf3fb2695ce7f2dc1d9a8d1"

escape-string-regexp@~1.0.5:
  version "1.0.5"
  resolved "https://registry.npmjs.org/escape-string-regexp/-/escape-string-regexp-1.0.5.tgz#1b61c0562190a8dff6ae3bb2cf0200ca130b86d4"

escodegen@1.7.x:
  version "1.7.1"
  resolved "https://registry.npmjs.org/escodegen/-/escodegen-1.7.1.tgz#30ecfcf66ca98dc67cd2fd162abeb6eafa8ce6fc"
  dependencies:
    esprima "^1.2.2"
    estraverse "^1.9.1"
    esutils "^2.0.2"
    optionator "^0.5.0"
  optionalDependencies:
    source-map "~0.2.0"

espree@~3.1.7:
  version "3.1.7"
  resolved "https://registry.npmjs.org/espree/-/espree-3.1.7.tgz#fd5deec76a97a5120a9cd3a7cb1177a0923b11d2"
  dependencies:
    acorn "^3.3.0"
    acorn-jsx "^3.0.0"

esprima@2.5.x:
  version "2.5.0"
  resolved "https://registry.npmjs.org/esprima/-/esprima-2.5.0.tgz#f387a46fd344c1b1a39baf8c20bfb43b6d0058cc"

esprima@^1.2.2:
  version "1.2.5"
  resolved "https://registry.npmjs.org/esprima/-/esprima-1.2.5.tgz#0993502feaf668138325756f30f9a51feeec11e9"

esprima@^3.1.1:
  version "3.1.3"
  resolved "https://registry.npmjs.org/esprima/-/esprima-3.1.3.tgz#fdca51cee6133895e3c88d535ce49dbff62a4633"

estraverse@^1.9.1:
  version "1.9.3"
  resolved "https://registry.npmjs.org/estraverse/-/estraverse-1.9.3.tgz#af67f2dc922582415950926091a4005d29c9bb44"

esutils@^2.0.2:
  version "2.0.2"
  resolved "https://registry.npmjs.org/esutils/-/esutils-2.0.2.tgz#0abf4f1caa5bcb1f7a9d8acc6dea4faaa04bac9b"

fast-levenshtein@~1.0.0:
  version "1.0.7"
  resolved "https://registry.npmjs.org/fast-levenshtein/-/fast-levenshtein-1.0.7.tgz#0178dcdee023b92905193af0959e8a7639cfdcb9"

feature-detect-es6@^1.2.0, feature-detect-es6@^1.3.0, feature-detect-es6@^1.3.1:
  version "1.3.1"
  resolved "https://registry.npmjs.org/feature-detect-es6/-/feature-detect-es6-1.3.1.tgz#f888736af9cb0c91f55663bfa4762eb96ee7047f"
  dependencies:
    array-back "^1.0.3"

file-set@^1.0.0, file-set@^1.0.1:
  version "1.1.1"
  resolved "https://registry.npmjs.org/file-set/-/file-set-1.1.1.tgz#d3ec70c080ec8f18f204ba1de106780c9056926b"
  dependencies:
    array-back "^1.0.3"
    glob "^7.1.0"

file-set@~0.2.1:
  version "0.2.8"
  resolved "https://registry.npmjs.org/file-set/-/file-set-0.2.8.tgz#73a6571e9cbe51ac5926c88bd567d111f836f178"
  dependencies:
    array-tools "^2"
    glob "^4"

fileset@0.2.x:
  version "0.2.1"
  resolved "https://registry.npmjs.org/fileset/-/fileset-0.2.1.tgz#588ef8973c6623b2a76df465105696b96aac8067"
  dependencies:
    glob "5.x"
    minimatch "2.x"

filter-where@^1.0.1:
  version "1.0.1"
  resolved "https://registry.npmjs.org/filter-where/-/filter-where-1.0.1.tgz#1b042569edce36bc1c4e9f73740d2c4e2feef77d"
  dependencies:
    test-value "^1.0.1"

find-replace@^1, find-replace@^1.0.2:
  version "1.0.3"
  resolved "https://registry.npmjs.org/find-replace/-/find-replace-1.0.3.tgz#b88e7364d2d9c959559f388c66670d6130441fa0"
  dependencies:
    array-back "^1.0.4"
    test-value "^2.1.0"

flexbuffer@0.0.6:
  version "0.0.6"
  resolved "https://registry.npmjs.org/flexbuffer/-/flexbuffer-0.0.6.tgz#039fdf23f8823e440c38f3277e6fef1174215b30"

forever-agent@~0.5.0:
  version "0.5.2"
  resolved "https://registry.npmjs.org/forever-agent/-/forever-agent-0.5.2.tgz#6d0e09c4921f94a27f63d3b49c5feff1ea4c5130"

form-data@~0.1.0:
  version "0.1.4"
  resolved "https://registry.npmjs.org/form-data/-/form-data-0.1.4.tgz#91abd788aba9702b1aabfa8bc01031a2ac9e3b12"
  dependencies:
    async "~0.9.0"
    combined-stream "~0.0.4"
    mime "~1.2.11"

formatio@1.1.1:
  version "1.1.1"
  resolved "https://registry.npmjs.org/formatio/-/formatio-1.1.1.tgz#5ed3ccd636551097383465d996199100e86161e9"
  dependencies:
    samsam "~1.1"

fs-then-native@^1.0.2:
  version "1.0.2"
  resolved "https://registry.npmjs.org/fs-then-native/-/fs-then-native-1.0.2.tgz#ac8d3807c9f1bbd1279607fb228e0ab649bb41fe"
  dependencies:
    feature-detect-es6 "^1.3.1"

fs.realpath@^1.0.0:
  version "1.0.0"
  resolved "https://registry.npmjs.org/fs.realpath/-/fs.realpath-1.0.0.tgz#1504ad2523158caa40db4a2787cb01411994ea4f"

glob@3.2.11:
  version "3.2.11"
  resolved "https://registry.npmjs.org/glob/-/glob-3.2.11.tgz#4a973f635b9190f715d10987d5c00fd2815ebe3d"
  dependencies:
    inherits "2"
    minimatch "0.3"

glob@5.x:
  version "5.0.15"
  resolved "https://registry.npmjs.org/glob/-/glob-5.0.15.tgz#1bc936b9e02f4a603fcc222ecf7633d30b8b93b1"
  dependencies:
    inflight "^1.0.4"
    inherits "2"
    minimatch "2 || 3"
    once "^1.3.0"
    path-is-absolute "^1.0.0"

glob@^4:
  version "4.5.3"
  resolved "https://registry.npmjs.org/glob/-/glob-4.5.3.tgz#c6cb73d3226c1efef04de3c56d012f03377ee15f"
  dependencies:
    inflight "^1.0.4"
    inherits "2"
    minimatch "^2.0.1"
    once "^1.3.0"

glob@^7.1.0:
  version "7.1.1"
  resolved "https://registry.npmjs.org/glob/-/glob-7.1.1.tgz#805211df04faaf1c63a3600306cdf5ade50b2ec8"
  dependencies:
    fs.realpath "^1.0.0"
    inflight "^1.0.4"
    inherits "2"
    minimatch "^3.0.2"
    once "^1.3.0"
    path-is-absolute "^1.0.0"

graceful-fs@^4.1.9:
  version "4.1.11"
  resolved "https://registry.npmjs.org/graceful-fs/-/graceful-fs-4.1.11.tgz#0e8bdfe4d1ddb8854d64e04ea7c00e2a026e5658"

growl@1.9.2:
  version "1.9.2"
  resolved "https://registry.npmjs.org/growl/-/growl-1.9.2.tgz#0ea7743715db8d8de2c5ede1775e1b45ac85c02f"

handlebars-array@^0.2.0:
  version "0.2.1"
  resolved "https://registry.npmjs.org/handlebars-array/-/handlebars-array-0.2.1.tgz#dd58395a5261d661988e8d77520ebbfaadc6bd24"
  dependencies:
    array-tools "^1.1.4"

handlebars-comparison@^2.0.0:
  version "2.0.1"
  resolved "https://registry.npmjs.org/handlebars-comparison/-/handlebars-comparison-2.0.1.tgz#b17b95d2c298578e4aead38f5fac46e8f6005855"
  dependencies:
    array-tools "^1.1.0"

handlebars-json@^1.0.0:
  version "1.0.1"
  resolved "https://registry.npmjs.org/handlebars-json/-/handlebars-json-1.0.1.tgz#2ef87bb782551cd645bb4691b824e9653ec02504"

handlebars-regexp@^1.0.0:
  version "1.0.1"
  resolved "https://registry.npmjs.org/handlebars-regexp/-/handlebars-regexp-1.0.1.tgz#5f47f067260e9ba8e52f1a280917f70de39f11e4"

handlebars-string@^2.0.1:
  version "2.0.2"
  resolved "https://registry.npmjs.org/handlebars-string/-/handlebars-string-2.0.2.tgz#b9f92208a979cfcf51ff4a90defa183dc62942ca"
  dependencies:
    array-tools "^1.0.6"
    string-tools "^0.1.4"

handlebars@^3.0.0, handlebars@^3.0.3:
  version "3.0.3"
  resolved "https://registry.npmjs.org/handlebars/-/handlebars-3.0.3.tgz#0e09651a2f0fb3c949160583710d551f92e6d2ad"
  dependencies:
    optimist "^0.6.1"
    source-map "^0.1.40"
  optionalDependencies:
    uglify-js "~2.3"

handlebars@^4.0.1:
  version "4.0.6"
  resolved "https://registry.npmjs.org/handlebars/-/handlebars-4.0.6.tgz#2ce4484850537f9c97a8026d5399b935c4ed4ed7"
  dependencies:
    async "^1.4.0"
    optimist "^0.6.1"
    source-map "^0.4.4"
  optionalDependencies:
    uglify-js "^2.6"

has-flag@^1.0.0:
  version "1.0.0"
  resolved "https://registry.npmjs.org/has-flag/-/has-flag-1.0.0.tgz#9d9e793165ce017a00f00418c43f942a7b1d11fa"

hawk@~1.0.0:
  version "1.0.0"
  resolved "https://registry.npmjs.org/hawk/-/hawk-1.0.0.tgz#b90bb169807285411da7ffcb8dd2598502d3b52d"
  dependencies:
    boom "0.4.x"
    cryptiles "0.2.x"
    hoek "0.9.x"
    sntp "0.2.x"

hoek@0.9.x:
  version "0.9.1"
  resolved "https://registry.npmjs.org/hoek/-/hoek-0.9.1.tgz#3d322462badf07716ea7eb85baf88079cddce505"

home-path@^1.0.3:
  version "1.0.3"
  resolved "https://registry.npmjs.org/home-path/-/home-path-1.0.3.tgz#9ece59fec3f032e6d10b5434fee264df4c2de32f"

http-signature@~0.10.0:
  version "0.10.1"
  resolved "https://registry.npmjs.org/http-signature/-/http-signature-0.10.1.tgz#4fbdac132559aa8323121e540779c0a012b27e66"
  dependencies:
    asn1 "0.1.11"
    assert-plus "^0.1.5"
    ctype "0.5.3"

inflight@^1.0.4:
  version "1.0.6"
  resolved "https://registry.npmjs.org/inflight/-/inflight-1.0.6.tgz#49bd6331d7d02d0c09bc910a1075ba8165b56df9"
  dependencies:
    once "^1.3.0"
    wrappy "1"

inherits@2:
  version "2.0.3"
  resolved "https://registry.npmjs.org/inherits/-/inherits-2.0.3.tgz#633c2c83e3da42a502f52466022480f4208261de"

inherits@2.0.1:
  version "2.0.1"
  resolved "https://registry.npmjs.org/inherits/-/inherits-2.0.1.tgz#b17d08d326b4423e568eff719f91b0b1cbdf69f1"

is-buffer@^1.0.2:
  version "1.1.4"
  resolved "https://registry.npmjs.org/is-buffer/-/is-buffer-1.1.4.tgz#cfc86ccd5dc5a52fa80489111c6920c457e2d98b"

isexe@^1.1.1:
  version "1.1.2"
  resolved "https://registry.npmjs.org/isexe/-/isexe-1.1.2.tgz#36f3e22e60750920f5e7241a476a8c6a42275ad0"

istanbul@^0.3.13:
  version "0.3.22"
  resolved "https://registry.npmjs.org/istanbul/-/istanbul-0.3.22.tgz#3e164d85021fe19c985d1f0e7ef0c3e22d012eb6"
  dependencies:
    abbrev "1.0.x"
    async "1.x"
    escodegen "1.7.x"
    esprima "2.5.x"
    fileset "0.2.x"
    handlebars "^4.0.1"
    js-yaml "3.x"
    mkdirp "0.5.x"
    nopt "3.x"
    once "1.x"
    resolve "1.1.x"
    supports-color "^3.1.0"
    which "^1.1.1"
    wordwrap "^1.0.0"

jade@0.26.3:
  version "0.26.3"
  resolved "https://registry.npmjs.org/jade/-/jade-0.26.3.tgz#8f10d7977d8d79f2f6ff862a81b0513ccb25686c"
  dependencies:
    commander "0.6.1"
    mkdirp "0.3.0"

js-yaml@3.x:
  version "3.8.1"
  resolved "https://registry.npmjs.org/js-yaml/-/js-yaml-3.8.1.tgz#782ba50200be7b9e5a8537001b7804db3ad02628"
  dependencies:
    argparse "^1.0.7"
    esprima "^3.1.1"

js2xmlparser@~1.0.0:
  version "1.0.0"
  resolved "https://registry.npmjs.org/js2xmlparser/-/js2xmlparser-1.0.0.tgz#5a170f2e8d6476ce45405e04823242513782fe30"

jsdoc-75lb@^3.5.6:
  version "3.6.0"
  resolved "https://registry.npmjs.org/jsdoc-75lb/-/jsdoc-75lb-3.6.0.tgz#a807119528b4009ccbcab49b7522f63fec6cd0bd"
  dependencies:
    bluebird "~3.4.6"
    catharsis "~0.8.8"
    escape-string-regexp "~1.0.5"
    espree "~3.1.7"
    js2xmlparser "~1.0.0"
    klaw "~1.3.0"
    marked "~0.3.6"
    mkdirp "~0.5.1"
    requizzle "~0.2.1"
    strip-json-comments "~2.0.1"
    taffydb "2.6.2"
    underscore "~1.8.3"

jsdoc-api@^1.0.0:
  version "1.2.4"
  resolved "https://registry.npmjs.org/jsdoc-api/-/jsdoc-api-1.2.4.tgz#5012235927bfad1e27bc88d07b0ddddb2d3a8a59"
  dependencies:
    array-back "^1.0.3"
    cache-point "~0.3.3"
    collect-all "^1.0.2"
    core-js "^2.4.1"
    feature-detect-es6 "^1.3.1"
    file-set "^1.0.1"
    jsdoc-75lb "^3.5.6"
    object-to-spawn-args "^1.1.0"
    promise.prototype.finally "^1.0.1"
    temp-path "^1.0.0"
    then-fs "^2.0.0"
    walk-back "^2.0.1"

jsdoc-parse@^1.2.7:
  version "1.2.7"
  resolved "https://registry.npmjs.org/jsdoc-parse/-/jsdoc-parse-1.2.7.tgz#54b7481b3cd6bcb7c173dc4fa69ee92735ea2525"
  dependencies:
    ansi-escape-sequences "^2.2.1"
    array-tools "^2"
    collect-json "^1.0.1"
    command-line-args "^2.1.4"
    command-line-tool "^0.1.0"
    core-js "^2.0.1"
    feature-detect-es6 "^1.2.0"
    file-set "~0.2.1"
    jsdoc-api "^1.0.0"
    object-tools "^2"
    stream-connect "^1.0.1"
    test-value "^1.0.1"

jsdoc-to-markdown@^1.0.3:
  version "1.3.9"
  resolved "https://registry.npmjs.org/jsdoc-to-markdown/-/jsdoc-to-markdown-1.3.9.tgz#774c0ece0ebd0bcc3261b2c9a2aa8d1399a61472"
  dependencies:
    ansi-escape-sequences "^3.0.0"
    command-line-args "^3.0.1"
    command-line-usage "^3.0.5"
    config-master "^2.0.4"
    dmd "^1.4.1"
    jsdoc-parse "^1.2.7"
    jsdoc2md-stats "^1.0.3"
    object-tools "^2.0.6"
    stream-connect "^1.0.2"

jsdoc2md-stats@^1.0.3:
  version "1.0.6"
  resolved "https://registry.npmjs.org/jsdoc2md-stats/-/jsdoc2md-stats-1.0.6.tgz#dc0e002aebbd0fbae5123534f92732afbc651fbf"
  dependencies:
    app-usage-stats "^0.4.0"
    feature-detect-es6 "^1.3.1"

jsdoc@^3.3.0-beta3:
  version "3.4.3"
  resolved "https://registry.npmjs.org/jsdoc/-/jsdoc-3.4.3.tgz#e5740d6145c681f6679e6c17783a88dbdd97ccd3"
  dependencies:
    bluebird "~3.4.6"
    catharsis "~0.8.8"
    escape-string-regexp "~1.0.5"
    espree "~3.1.7"
    js2xmlparser "~1.0.0"
    klaw "~1.3.0"
    marked "~0.3.6"
    mkdirp "~0.5.1"
    requizzle "~0.2.1"
    strip-json-comments "~2.0.1"
    taffydb "2.6.2"
    underscore "~1.8.3"

json-stringify-safe@~5.0.0:
  version "5.0.1"
  resolved "https://registry.npmjs.org/json-stringify-safe/-/json-stringify-safe-5.0.1.tgz#1296a2d58fd45f19a0f6ce01d65701e2c735b6eb"

kind-of@^3.0.2:
  version "3.1.0"
  resolved "https://registry.npmjs.org/kind-of/-/kind-of-3.1.0.tgz#475d698a5e49ff5e53d14e3e732429dc8bf4cf47"
  dependencies:
    is-buffer "^1.0.2"

klaw@~1.3.0:
  version "1.3.1"
  resolved "https://registry.npmjs.org/klaw/-/klaw-1.3.1.tgz#4088433b46b3b1ba259d78785d8e96f73ba02439"
  optionalDependencies:
    graceful-fs "^4.1.9"

lazy-cache@^1.0.3:
  version "1.0.4"
  resolved "https://registry.npmjs.org/lazy-cache/-/lazy-cache-1.0.4.tgz#a1d78fc3a50474cb80845d3b3b6e1da49a446e8e"

lcov-parse@0.0.6:
  version "0.0.6"
  resolved "https://registry.npmjs.org/lcov-parse/-/lcov-parse-0.0.6.tgz#819e5da8bf0791f9d3f39eea5ed1868187f11175"

levn@~0.2.5:
  version "0.2.5"
  resolved "https://registry.npmjs.org/levn/-/levn-0.2.5.tgz#ba8d339d0ca4a610e3a3f145b9caf48807155054"
  dependencies:
    prelude-ls "~1.1.0"
    type-check "~0.3.1"

lodash.map@^4.5.1:
  version "4.6.0"
  resolved "https://registry.npmjs.org/lodash.map/-/lodash.map-4.6.0.tgz#771ec7839e3473d9c4cde28b19394c3562f4f6d3"

lodash.pick@^4.4.0:
  version "4.4.0"
  resolved "https://registry.npmjs.org/lodash.pick/-/lodash.pick-4.4.0.tgz#52f05610fff9ded422611441ed1fc123a03001b3"

lodash@^3.6.0:
  version "3.10.1"
  resolved "https://registry.npmjs.org/lodash/-/lodash-3.10.1.tgz#5bf45e8e49ba4189e17d482789dfd15bd140b7b6"

lolex@1.3.2:
  version "1.3.2"
  resolved "https://registry.npmjs.org/lolex/-/lolex-1.3.2.tgz#7c3da62ffcb30f0f5a80a2566ca24e45d8a01f31"

longest@^1.0.1:
  version "1.0.1"
  resolved "https://registry.npmjs.org/longest/-/longest-1.0.1.tgz#30a0b2da38f73770e8294a0d22e6625ed77d0097"

lru-cache@2:
  version "2.7.3"
  resolved "https://registry.npmjs.org/lru-cache/-/lru-cache-2.7.3.tgz#6d4524e8b955f95d4f5b58851ce21dd72fb4e952"

marked@~0.3.6:
  version "0.3.6"
  resolved "https://registry.npmjs.org/marked/-/marked-0.3.6.tgz#b2c6c618fccece4ef86c4fc6cb8a7cbf5aeda8d7"

matcha@^0.6.0:
  version "0.6.1"
  resolved "https://registry.npmjs.org/matcha/-/matcha-0.6.1.tgz#a33a3bb29a5be5b1aeb819869adf08165eae6ca5"
  dependencies:
    electron "0.4.x"
    v8-argv "0.1.x"

mime@~1.2.11, mime@~1.2.9:
  version "1.2.11"
  resolved "https://registry.npmjs.org/mime/-/mime-1.2.11.tgz#58203eed86e3a5ef17aed2b7d9ebd47f0a60dd10"

minimatch@0.3:
  version "0.3.0"
  resolved "https://registry.npmjs.org/minimatch/-/minimatch-0.3.0.tgz#275d8edaac4f1bb3326472089e7949c8394699dd"
  dependencies:
    lru-cache "2"
    sigmund "~1.0.0"

"minimatch@2 || 3", minimatch@2.x, minimatch@^2.0.1:
  version "2.0.10"
  resolved "https://registry.npmjs.org/minimatch/-/minimatch-2.0.10.tgz#8d087c39c6b38c001b97fca7ce6d0e1e80afbac7"
  dependencies:
    brace-expansion "^1.0.0"

minimatch@^3.0.2:
  version "3.0.3"
  resolved "https://registry.npmjs.org/minimatch/-/minimatch-3.0.3.tgz#2a4e4090b96b2db06a9d7df01055a62a77c9b774"
  dependencies:
    brace-expansion "^1.0.0"

minimist@0.0.8:
  version "0.0.8"
  resolved "https://registry.npmjs.org/minimist/-/minimist-0.0.8.tgz#857fcabfc3397d2625b8228262e86aa7a011b05d"

minimist@~0.0.1:
  version "0.0.10"
  resolved "https://registry.npmjs.org/minimist/-/minimist-0.0.10.tgz#de3f98543dbf96082be48ad1a0c7cda836301dcf"

mkdirp@0.3.0:
  version "0.3.0"
  resolved "https://registry.npmjs.org/mkdirp/-/mkdirp-0.3.0.tgz#1bbf5ab1ba827af23575143490426455f481fe1e"

mkdirp@0.5.1, mkdirp@0.5.x, mkdirp@^0.5.1, mkdirp@~0.5.1:
  version "0.5.1"
  resolved "https://registry.npmjs.org/mkdirp/-/mkdirp-0.5.1.tgz#30057438eac6cf7f8c4767f38648d6697d75c903"
  dependencies:
    minimist "0.0.8"

mocha@^2.2.1:
  version "2.5.3"
  resolved "https://registry.npmjs.org/mocha/-/mocha-2.5.3.tgz#161be5bdeb496771eb9b35745050b622b5aefc58"
  dependencies:
    commander "2.3.0"
    debug "2.2.0"
    diff "1.4.0"
    escape-string-regexp "1.0.2"
    glob "3.2.11"
    growl "1.9.2"
    jade "0.26.3"
    mkdirp "0.5.1"
    supports-color "1.2.0"
    to-iso-string "0.0.2"

ms@0.7.1:
  version "0.7.1"
  resolved "https://registry.npmjs.org/ms/-/ms-0.7.1.tgz#9cd13c03adbff25b65effde7ce864ee952017098"

ms@0.7.2:
  version "0.7.2"
  resolved "https://registry.npmjs.org/ms/-/ms-0.7.2.tgz#ae25cf2512b3885a1d95d7f037868d8431124765"

node-uuid@~1.4.0:
  version "1.4.7"
  resolved "https://registry.npmjs.org/node-uuid/-/node-uuid-1.4.7.tgz#6da5a17668c4b3dd59623bda11cf7fa4c1f60a6f"

nopt@3.x:
  version "3.0.6"
  resolved "https://registry.npmjs.org/nopt/-/nopt-3.0.6.tgz#c6465dbf08abcd4db359317f79ac68a646b28ff9"
  dependencies:
    abbrev "1"

oauth-sign@~0.3.0:
  version "0.3.0"
  resolved "https://registry.npmjs.org/oauth-sign/-/oauth-sign-0.3.0.tgz#cb540f93bb2b22a7d5941691a288d60e8ea9386e"

object-get@^2.0.0, object-get@^2.0.2, object-get@^2.0.4, object-get@^2.1.0:
  version "2.1.0"
  resolved "https://registry.npmjs.org/object-get/-/object-get-2.1.0.tgz#722bbdb60039efa47cad3c6dc2ce51a85c02c5ae"

object-to-spawn-args@^1.1.0:
  version "1.1.0"
  resolved "https://registry.npmjs.org/object-to-spawn-args/-/object-to-spawn-args-1.1.0.tgz#031a200e37db2c3dfc9b98074a0d69a5be253c1c"

object-tools@^1.2.1, object-tools@^1.6.1:
  version "1.6.7"
  resolved "https://registry.npmjs.org/object-tools/-/object-tools-1.6.7.tgz#52d400fc875250993dbbb3ba298d7c79bb0698d0"
  dependencies:
    array-tools "^1.8.4"
    typical "^2.2"

object-tools@^2, object-tools@^2.0.6:
  version "2.0.6"
  resolved "https://registry.npmjs.org/object-tools/-/object-tools-2.0.6.tgz#f3fe1c350cda4a6f5d99d9646dc4892a02476ddd"
  dependencies:
    array-back "^1.0.2"
    collect-json "^1.0.7"
    object-get "^2.0.2"
    test-value "^1.1.0"
    typical "^2.4.2"

once@1.x, once@^1.3.0:
  version "1.4.0"
  resolved "https://registry.npmjs.org/once/-/once-1.4.0.tgz#583b1aa775961d4b113ac17d9c50baef9dd76bd1"
  dependencies:
    wrappy "1"

optimist@^0.6.1:
  version "0.6.1"
  resolved "https://registry.npmjs.org/optimist/-/optimist-0.6.1.tgz#da3ea74686fa21a19a111c326e90eb15a0196686"
  dependencies:
    minimist "~0.0.1"
    wordwrap "~0.0.2"

optimist@~0.3.5:
  version "0.3.7"
  resolved "https://registry.npmjs.org/optimist/-/optimist-0.3.7.tgz#c90941ad59e4273328923074d2cf2e7cbc6ec0d9"
  dependencies:
    wordwrap "~0.0.2"

optionator@^0.5.0:
  version "0.5.0"
  resolved "https://registry.npmjs.org/optionator/-/optionator-0.5.0.tgz#b75a8995a2d417df25b6e4e3862f50aa88651368"
  dependencies:
    deep-is "~0.1.2"
    fast-levenshtein "~1.0.0"
    levn "~0.2.5"
    prelude-ls "~1.1.1"
    type-check "~0.3.1"
    wordwrap "~0.0.2"

pad-right@^0.2.2:
  version "0.2.2"
  resolved "https://registry.npmjs.org/pad-right/-/pad-right-0.2.2.tgz#6fbc924045d244f2a2a244503060d3bfc6009774"
  dependencies:
    repeat-string "^1.5.2"

path-is-absolute@^1.0.0:
  version "1.0.1"
  resolved "https://registry.npmjs.org/path-is-absolute/-/path-is-absolute-1.0.1.tgz#174b9268735534ffbc7ace6bf53a5a9e1b5c5f5f"

prelude-ls@~1.1.0, prelude-ls@~1.1.1, prelude-ls@~1.1.2:
  version "1.1.2"
  resolved "https://registry.npmjs.org/prelude-ls/-/prelude-ls-1.1.2.tgz#21932a549f5e52ffd9a827f570e04be62a97da54"

promise.prototype.finally@^1.0.1:
  version "1.0.1"
  resolved "https://registry.npmjs.org/promise.prototype.finally/-/promise.prototype.finally-1.0.1.tgz#91182f91c92486995740fa05e0da942ac986befa"

"promise@>=3.2 <8":
  version "7.1.1"
  resolved "https://registry.npmjs.org/promise/-/promise-7.1.1.tgz#489654c692616b8aa55b0724fa809bb7db49c5bf"
  dependencies:
    asap "~2.0.3"

punycode@^1.4.1:
  version "1.4.1"
  resolved "https://registry.npmjs.org/punycode/-/punycode-1.4.1.tgz#c0d5a63b2718800ad8e1eb0fa5269c84dd41845e"

qs@~0.6.0:
  version "0.6.6"
  resolved "https://registry.npmjs.org/qs/-/qs-0.6.6.tgz#6e015098ff51968b8a3c819001d5f2c89bc4b107"

redis-commands@^1.2.0:
  version "1.3.1"
  resolved "https://registry.npmjs.org/redis-commands/-/redis-commands-1.3.1.tgz#81d826f45fa9c8b2011f4cd7a0fe597d241d442b"

redis-parser@^2.0.0:
  version "2.4.0"
  resolved "https://registry.npmjs.org/redis-parser/-/redis-parser-2.4.0.tgz#018ea743077aae944d0b798b2fd12587320bf3c9"

redis@^2.2.5:
  version "2.6.5"
  resolved "https://registry.npmjs.org/redis/-/redis-2.6.5.tgz#87c1eff4a489f94b70871f3d08b6988f23a95687"
  dependencies:
    double-ended-queue "^2.1.0-0"
    redis-commands "^1.2.0"
    redis-parser "^2.0.0"

reduce-extract@^1.0.0:
  version "1.0.0"
  resolved "https://registry.npmjs.org/reduce-extract/-/reduce-extract-1.0.0.tgz#67f2385beda65061b5f5f4312662e8b080ca1525"
  dependencies:
    test-value "^1.0.1"

reduce-flatten@^1.0.0, reduce-flatten@^1.0.1:
  version "1.0.1"
  resolved "https://registry.npmjs.org/reduce-flatten/-/reduce-flatten-1.0.1.tgz#258c78efd153ddf93cb561237f61184f3696e327"

reduce-unique@^1.0.0:
  version "1.0.0"
  resolved "https://registry.npmjs.org/reduce-unique/-/reduce-unique-1.0.0.tgz#7e586bcf87a4e32b6d7abd8277fad6cdec9f4803"

reduce-without@^1.0.0, reduce-without@^1.0.1:
  version "1.0.1"
  resolved "http://registry.npmjs.org/reduce-without/-/reduce-without-1.0.1.tgz#68ad0ead11855c9a37d4e8256c15bbf87972fc8c"
  dependencies:
    test-value "^2.0.0"

regenerator-runtime@^0.10.0:
  version "0.10.1"
  resolved "https://registry.npmjs.org/regenerator-runtime/-/regenerator-runtime-0.10.1.tgz#257f41961ce44558b18f7814af48c17559f9faeb"

repeat-string@^1.5.2:
  version "1.6.1"
  resolved "https://registry.npmjs.org/repeat-string/-/repeat-string-1.6.1.tgz#8dcae470e1c88abc2d600fff4a776286da75e637"

req-then@^0.5.1:
  version "0.5.1"
  resolved "https://registry.npmjs.org/req-then/-/req-then-0.5.1.tgz#31c6e0b56f4ddd2acd6de0ba1bcea77b6079dfdf"
  dependencies:
    array-back "^1.0.3"
    defer-promise "^1.0.0"
    feature-detect-es6 "^1.3.1"
    lodash.pick "^4.4.0"
    typical "^2.6.0"

request@~2.34.0:
  version "2.34.0"
  resolved "https://registry.npmjs.org/request/-/request-2.34.0.tgz#b5d8b9526add4a2d4629f4d417124573996445ae"
  dependencies:
    forever-agent "~0.5.0"
    json-stringify-safe "~5.0.0"
    mime "~1.2.9"
    node-uuid "~1.4.0"
    qs "~0.6.0"
  optionalDependencies:
    aws-sign2 "~0.5.0"
    form-data "~0.1.0"
    hawk "~1.0.0"
    http-signature "~0.10.0"
    oauth-sign "~0.3.0"
    tough-cookie ">=0.12.0"
    tunnel-agent "~0.3.0"

requizzle@~0.2.1:
  version "0.2.1"
  resolved "https://registry.npmjs.org/requizzle/-/requizzle-0.2.1.tgz#6943c3530c4d9a7e46f1cddd51c158fc670cdbde"
  dependencies:
    underscore "~1.6.0"

resolve@1.1.x:
  version "1.1.7"
  resolved "https://registry.npmjs.org/resolve/-/resolve-1.1.7.tgz#203114d82ad2c5ed9e8e0411b3932875e889e97b"

right-align@^0.1.1:
  version "0.1.3"
  resolved "https://registry.npmjs.org/right-align/-/right-align-0.1.3.tgz#61339b722fe6a3515689210d24e14c96148613ef"
  dependencies:
    align-text "^0.1.1"

right-pad@^1.0.1:
  version "1.0.1"
  resolved "https://registry.npmjs.org/right-pad/-/right-pad-1.0.1.tgz#8ca08c2cbb5b55e74dafa96bf7fd1a27d568c8d0"

samsam@1.1.2, samsam@~1.1:
  version "1.1.2"
  resolved "https://registry.npmjs.org/samsam/-/samsam-1.1.2.tgz#bec11fdc83a9fda063401210e40176c3024d1567"

server-destroy@^1.0.0:
  version "1.0.1"
  resolved "https://registry.npmjs.org/server-destroy/-/server-destroy-1.0.1.tgz#f13bf928e42b9c3e79383e61cc3998b5d14e6cdd"

sigmund@~1.0.0:
  version "1.0.1"
  resolved "https://registry.npmjs.org/sigmund/-/sigmund-1.0.1.tgz#3ff21f198cad2175f9f3b781853fd94d0d19b590"

sinon@^1.14.1:
  version "1.17.7"
  resolved "https://registry.npmjs.org/sinon/-/sinon-1.17.7.tgz#4542a4f49ba0c45c05eb2e9dd9d203e2b8efe0bf"
  dependencies:
    formatio "1.1.1"
    lolex "1.3.2"
    samsam "1.1.2"
    util ">=0.10.3 <1"

sntp@0.2.x:
  version "0.2.4"
  resolved "https://registry.npmjs.org/sntp/-/sntp-0.2.4.tgz#fb885f18b0f3aad189f824862536bceeec750900"
  dependencies:
    hoek "0.9.x"

sort-array@^1.0.0:
  version "1.1.1"
  resolved "https://registry.npmjs.org/sort-array/-/sort-array-1.1.1.tgz#9032f6f0be284eecb12af98a3db02612828a66d1"
  dependencies:
    array-back "^1.0.3"
    object-get "^2.0.4"
    typical "^2.4.2"

source-map@^0.1.40, source-map@~0.1.7:
  version "0.1.43"
  resolved "https://registry.npmjs.org/source-map/-/source-map-0.1.43.tgz#c24bc146ca517c1471f5dacbe2571b2b7f9e3346"
  dependencies:
    amdefine ">=0.0.4"

source-map@^0.4.4:
  version "0.4.4"
  resolved "https://registry.npmjs.org/source-map/-/source-map-0.4.4.tgz#eba4f5da9c0dc999de68032d8b4f76173652036b"
  dependencies:
    amdefine ">=0.0.4"

source-map@~0.2.0:
  version "0.2.0"
  resolved "https://registry.npmjs.org/source-map/-/source-map-0.2.0.tgz#dab73fbcfc2ba819b4de03bd6f6eaa48164b3f9d"
  dependencies:
    amdefine ">=0.0.4"

source-map@~0.5.1:
  version "0.5.6"
  resolved "https://registry.npmjs.org/source-map/-/source-map-0.5.6.tgz#75ce38f52bf0733c5a7f0c118d81334a2bb5f412"

sprintf-js@~1.0.2:
  version "1.0.3"
  resolved "https://registry.npmjs.org/sprintf-js/-/sprintf-js-1.0.3.tgz#04e6926f662895354f3dd015203633b857297e2c"

stream-connect@^1.0.1, stream-connect@^1.0.2:
  version "1.0.2"
  resolved "https://registry.npmjs.org/stream-connect/-/stream-connect-1.0.2.tgz#18bc81f2edb35b8b5d9a8009200a985314428a97"
  dependencies:
    array-back "^1.0.2"

stream-handlebars@~0.1.6:
  version "0.1.6"
  resolved "https://registry.npmjs.org/stream-handlebars/-/stream-handlebars-0.1.6.tgz#7305b5064203da171608c478acf642a149892a2f"
  dependencies:
    handlebars "^3.0.0"
    object-tools "^1.2.1"

stream-via@^1.0.3:
  version "1.0.3"
  resolved "https://registry.npmjs.org/stream-via/-/stream-via-1.0.3.tgz#cebd32a5a59d74b3b68e3404942e867184ad4ac9"

stream-via@~0.1.0:
  version "0.1.1"
  resolved "https://registry.npmjs.org/stream-via/-/stream-via-0.1.1.tgz#0cee5df9c959fb1d3f4eda4819f289d5f9205afc"

string-tools@^0.1.4:
  version "0.1.8"
  resolved "https://registry.npmjs.org/string-tools/-/string-tools-0.1.8.tgz#70884e86a26ee5103a078bef67033d558d36e337"

string-tools@^1.0.0:
  version "1.0.0"
  resolved "https://registry.npmjs.org/string-tools/-/string-tools-1.0.0.tgz#c69a9d5788858997da66f1d923ba7113ea466b5a"

strip-json-comments@~2.0.1:
  version "2.0.1"
  resolved "https://registry.npmjs.org/strip-json-comments/-/strip-json-comments-2.0.1.tgz#3c531942e908c2697c0ec344858c286c7ca0a60a"

supports-color@1.2.0:
  version "1.2.0"
  resolved "https://registry.npmjs.org/supports-color/-/supports-color-1.2.0.tgz#ff1ed1e61169d06b3cf2d588e188b18d8847e17e"

supports-color@^3.1.0:
  version "3.2.3"
  resolved "https://registry.npmjs.org/supports-color/-/supports-color-3.2.3.tgz#65ac0504b3954171d8a64946b2ae3cbb8a5f54f6"
  dependencies:
    has-flag "^1.0.0"

table-layout@^0.3.0:
  version "0.3.0"
  resolved "https://registry.npmjs.org/table-layout/-/table-layout-0.3.0.tgz#6ee20dc483db371b3e5c87f704ed2f7c799d2c9a"
  dependencies:
    array-back "^1.0.3"
    core-js "^2.4.1"
    deep-extend "~0.4.1"
    feature-detect-es6 "^1.3.1"
    typical "^2.6.0"
    wordwrapjs "^2.0.0-0"

taffydb@2.6.2:
  version "2.6.2"
  resolved "https://registry.npmjs.org/taffydb/-/taffydb-2.6.2.tgz#7cbcb64b5a141b6a2efc2c5d2c67b4e150b2a268"

tea-concat@0.1.0:
  version "0.1.0"
  resolved "https://registry.npmjs.org/tea-concat/-/tea-concat-0.1.0.tgz#ea2e907400fdd78a6334ce020fa3c69502d99e84"

temp-path@^1.0.0:
  version "1.0.0"
  resolved "https://registry.npmjs.org/temp-path/-/temp-path-1.0.0.tgz#24b1543973ab442896d9ad367dd9cbdbfafe918b"

test-value@^1.0.1, test-value@^1.1.0:
  version "1.1.0"
  resolved "https://registry.npmjs.org/test-value/-/test-value-1.1.0.tgz#a09136f72ec043d27c893707c2b159bfad7de93f"
  dependencies:
    array-back "^1.0.2"
    typical "^2.4.2"

test-value@^2.0.0, test-value@^2.1.0:
  version "2.1.0"
  resolved "https://registry.npmjs.org/test-value/-/test-value-2.1.0.tgz#11da6ff670f3471a73b625ca4f3fdcf7bb748291"
  dependencies:
    array-back "^1.0.3"
    typical "^2.6.0"

then-fs@^2.0.0:
  version "2.0.0"
  resolved "https://registry.npmjs.org/then-fs/-/then-fs-2.0.0.tgz#72f792dd9d31705a91ae19ebfcf8b3f968c81da2"
  dependencies:
    promise ">=3.2 <8"

to-iso-string@0.0.2:
  version "0.0.2"
  resolved "https://registry.npmjs.org/to-iso-string/-/to-iso-string-0.0.2.tgz#4dc19e664dfccbe25bd8db508b00c6da158255d1"

tough-cookie@>=0.12.0:
  version "2.3.2"
  resolved "https://registry.npmjs.org/tough-cookie/-/tough-cookie-2.3.2.tgz#f081f76e4c85720e6c37a5faced737150d84072a"
  dependencies:
    punycode "^1.4.1"

tunnel-agent@~0.3.0:
  version "0.3.0"
  resolved "https://registry.npmjs.org/tunnel-agent/-/tunnel-agent-0.3.0.tgz#ad681b68f5321ad2827c4cfb1b7d5df2cfe942ee"

type-check@~0.3.1:
  version "0.3.2"
  resolved "https://registry.npmjs.org/type-check/-/type-check-0.3.2.tgz#5884cab512cf1d355e3fb784f30804b2b520db72"
  dependencies:
    prelude-ls "~1.1.2"

type-detect@0.1.1:
  version "0.1.1"
  resolved "https://registry.npmjs.org/type-detect/-/type-detect-0.1.1.tgz#0ba5ec2a885640e470ea4e8505971900dac58822"

typical@^2.1, typical@^2.2, typical@^2.3.0, typical@^2.4.2, typical@^2.5.0, typical@^2.6.0:
  version "2.6.0"
  resolved "https://registry.npmjs.org/typical/-/typical-2.6.0.tgz#89d51554ab139848a65bcc2c8772f8fb450c40ed"

uglify-js@^2.6:
  version "2.7.5"
  resolved "https://registry.npmjs.org/uglify-js/-/uglify-js-2.7.5.tgz#4612c0c7baaee2ba7c487de4904ae122079f2ca8"
  dependencies:
    async "~0.2.6"
    source-map "~0.5.1"
    uglify-to-browserify "~1.0.0"
    yargs "~3.10.0"

uglify-js@~2.3:
  version "2.3.6"
  resolved "https://registry.npmjs.org/uglify-js/-/uglify-js-2.3.6.tgz#fa0984770b428b7a9b2a8058f46355d14fef211a"
  dependencies:
    async "~0.2.6"
    optimist "~0.3.5"
    source-map "~0.1.7"

uglify-to-browserify@~1.0.0:
  version "1.0.2"
  resolved "https://registry.npmjs.org/uglify-to-browserify/-/uglify-to-browserify-1.0.2.tgz#6e0924d6bda6b5afe349e39a6d632850a0f882b7"

underscore-contrib@~0.3.0:
  version "0.3.0"
  resolved "https://registry.npmjs.org/underscore-contrib/-/underscore-contrib-0.3.0.tgz#665b66c24783f8fa2b18c9f8cbb0e2c7d48c26c7"
  dependencies:
    underscore "1.6.0"

underscore@1.6.0, underscore@~1.6.0:
  version "1.6.0"
  resolved "https://registry.npmjs.org/underscore/-/underscore-1.6.0.tgz#8b38b10cacdef63337b8b24e4ff86d45aea529a8"

underscore@~1.8.3:
  version "1.8.3"
  resolved "https://registry.npmjs.org/underscore/-/underscore-1.8.3.tgz#4f3fb53b106e6097fcf9cb4109f2a5e9bdfa5022"

usage-stats@^0.8.2:
  version "0.8.2"
  resolved "https://registry.npmjs.org/usage-stats/-/usage-stats-0.8.2.tgz#d7be5203682e267f7696b354356c8c376aa12542"
  dependencies:
    array-back "^1.0.3"
    cli-commands "0.1.0"
    core-js "^2.4.1"
    feature-detect-es6 "^1.3.1"
    home-path "^1.0.3"
    mkdirp "^0.5.1"
    req-then "^0.5.1"
    typical "^2.6.0"
    uuid "^3.0.0"

"util@>=0.10.3 <1":
  version "0.10.3"
  resolved "https://registry.npmjs.org/util/-/util-0.10.3.tgz#7afb1afe50805246489e3db7fe0ed379336ac0f9"
  dependencies:
    inherits "2.0.1"

uuid@^3.0.0:
  version "3.0.1"
  resolved "https://registry.npmjs.org/uuid/-/uuid-3.0.1.tgz#6544bba2dfda8c1cf17e629a3a305e2bb1fee6c1"

v8-argv@0.1.x:
  version "0.1.0"
  resolved "https://registry.npmjs.org/v8-argv/-/v8-argv-0.1.0.tgz#adf777a52dbdc3da9c89c9465e59ed5f3cb6d9a9"

walk-back@^2.0.1:
  version "2.0.1"
  resolved "https://registry.npmjs.org/walk-back/-/walk-back-2.0.1.tgz#554e2a9d874fac47a8cb006bf44c2f0c4998a0a4"

which@^1.1.1:
  version "1.2.12"
  resolved "https://registry.npmjs.org/which/-/which-1.2.12.tgz#de67b5e450269f194909ef23ece4ebe416fa1192"
  dependencies:
    isexe "^1.1.1"

window-size@0.1.0:
  version "0.1.0"
  resolved "https://registry.npmjs.org/window-size/-/window-size-0.1.0.tgz#5438cd2ea93b202efa3a19fe8887aee7c94f9c9d"

word-wrap@^1.0.3:
  version "1.2.1"
  resolved "https://registry.npmjs.org/word-wrap/-/word-wrap-1.2.1.tgz#248f459b465d179a17bc407c854d3151d07e45d8"

wordwrap@0.0.2:
  version "0.0.2"
  resolved "https://registry.npmjs.org/wordwrap/-/wordwrap-0.0.2.tgz#b79669bb42ecb409f83d583cad52ca17eaa1643f"

wordwrap@^1.0.0:
  version "1.0.0"
  resolved "https://registry.npmjs.org/wordwrap/-/wordwrap-1.0.0.tgz#27584810891456a4171c8d0226441ade90cbcaeb"

wordwrap@~0.0.2:
  version "0.0.3"
  resolved "https://registry.npmjs.org/wordwrap/-/wordwrap-0.0.3.tgz#a3d5da6cd5c0bc0008d37234bbaf1bed63059107"

wordwrapjs@^1.2.0:
  version "1.2.1"
  resolved "https://registry.npmjs.org/wordwrapjs/-/wordwrapjs-1.2.1.tgz#754a5ea0664cfbff50540dc32d67bda3289fc34b"
  dependencies:
    array-back "^1.0.3"
    typical "^2.5.0"

wordwrapjs@^2.0.0-0:
  version "2.0.0"
  resolved "https://registry.npmjs.org/wordwrapjs/-/wordwrapjs-2.0.0.tgz#ab55f695e6118da93858fdd70c053d1c5e01ac20"
  dependencies:
    array-back "^1.0.3"
    feature-detect-es6 "^1.3.1"
    reduce-flatten "^1.0.1"
    typical "^2.6.0"

wrappy@1:
  version "1.0.2"
  resolved "https://registry.npmjs.org/wrappy/-/wrappy-1.0.2.tgz#b5243d8f3ec1aa35f1364605bc0d1036e30ab69f"

yargs@~3.10.0:
  version "3.10.0"
  resolved "https://registry.npmjs.org/yargs/-/yargs-3.10.0.tgz#f7ee7bd857dd7c1d2d38c0e74efbd681d1431fd1"
  dependencies:
    camelcase "^1.0.2"
    cliui "^2.1.0"
    decamelize "^1.0.0"
    window-size "0.1.0"
